
Microsoft Visual Studio Solution File, Format Version 12.00
# Visual Studio 2012
Project("{FAE04EC0-301F-11D3-BF4B-00C04F79EFBC}") = "HotTowelWithJQueryUI", "HotTowelWithJQueryUI\HotTowelWithJQueryUI.csproj", "{06D1BD76-6341-4ED2-B1F9-F1425D521533}"
EndProject
Global
	GlobalSection(SolutionConfigurationPlatforms) = preSolution
		Debug|Any CPU = Debug|Any CPU
		Release|Any CPU = Release|Any CPU
	EndGlobalSection
	GlobalSection(ProjectConfigurationPlatforms) = postSolution
		{06D1BD76-6341-4ED2-B1F9-F1425D521533}.Debug|Any CPU.ActiveCfg = Debug|Any CPU
		{06D1BD76-6341-4ED2-B1F9-F1425D521533}.Debug|Any CPU.Build.0 = Debug|Any CPU
		{06D1BD76-6341-4ED2-B1F9-F1425D521533}.Release|Any CPU.ActiveCfg = Release|Any CPU
		{06D1BD76-6341-4ED2-B1F9-F1425D521533}.Release|Any CPU.Build.0 = Release|Any CPU
	EndGlobalSection
	GlobalSection(SolutionProperties) = preSolution
		HideSolutionNode = FALSE
	EndGlobalSection
EndGlobal
